
Microsoft Visual Studio Solution File, Format Version 12.00
# Visual Studio Version 16
VisualStudioVersion = 16.0.30804.86
MinimumVisualStudioVersion = 10.0.40219.1
Project("{FAE04EC0-301F-11D3-BF4B-00C04F79EFBC}") = "ConsoleAppGUT", "ConsoleAppGUT\ConsoleAppGUT.csproj", "{419067BE-5B9D-488D-995B-12E3967951AD}"
EndProject
Global
	GlobalSection(SolutionConfigurationPlatforms) = preSolution
		Debug|Any CPU = Debug|Any CPU
		Release|Any CPU = Release|Any CPU
	EndGlobalSection
	GlobalSection(ProjectConfigurationPlatforms) = postSolution
		{419067BE-5B9D-488D-995B-12E3967951AD}.Debug|Any CPU.ActiveCfg = Debug|Any CPU
		{419067BE-5B9D-488D-995B-12E3967951AD}.Debug|Any CPU.Build.0 = Debug|Any CPU
		{419067BE-5B9D-488D-995B-12E3967951AD}.Release|Any CPU.ActiveCfg = Release|Any CPU
		{419067BE-5B9D-488D-995B-12E3967951AD}.Release|Any CPU.Build.0 = Release|Any CPU
	EndGlobalSection
	GlobalSection(SolutionProperties) = preSolution
		HideSolutionNode = FALSE
	EndGlobalSection
	GlobalSection(ExtensibilityGlobals) = postSolution
		SolutionGuid = {44060ACB-D2E2-4ED7-9945-668635D12D46}
	EndGlobalSection
EndGlobal
